
Microsoft Visual Studio Solution File, Format Version 12.00
# Visual Studio Version 16
VisualStudioVersion = 16.0.31911.196
MinimumVisualStudioVersion = 10.0.40219.1
Project("{9A19103F-16F7-4668-BE54-9A1E7A4F7556}") = "PSI TD 2", "PSI TD 2\PSI TD 2.csproj", "{B050D0A7-A577-412E-8660-160B0FFB3423}"
EndProject
Project("{FAE04EC0-301F-11D3-BF4B-00C04F79EFBC}") = "Test_Projet", "Test_Projet\Test_Projet.csproj", "{DA94A194-8864-4D9C-9E10-F9FCD35B7561}"
EndProject
Global
	GlobalSection(SolutionConfigurationPlatforms) = preSolution
		Debug|Any CPU = Debug|Any CPU
		Release|Any CPU = Release|Any CPU
	EndGlobalSection
	GlobalSection(ProjectConfigurationPlatforms) = postSolution
		{B050D0A7-A577-412E-8660-160B0FFB3423}.Debug|Any CPU.ActiveCfg = Debug|Any CPU
		{B050D0A7-A577-412E-8660-160B0FFB3423}.Debug|Any CPU.Build.0 = Debug|Any CPU
		{B050D0A7-A577-412E-8660-160B0FFB3423}.Release|Any CPU.ActiveCfg = Release|Any CPU
		{B050D0A7-A577-412E-8660-160B0FFB3423}.Release|Any CPU.Build.0 = Release|Any CPU
		{DA94A194-8864-4D9C-9E10-F9FCD35B7561}.Debug|Any CPU.ActiveCfg = Debug|Any CPU
		{DA94A194-8864-4D9C-9E10-F9FCD35B7561}.Debug|Any CPU.Build.0 = Debug|Any CPU
		{DA94A194-8864-4D9C-9E10-F9FCD35B7561}.Release|Any CPU.ActiveCfg = Release|Any CPU
		{DA94A194-8864-4D9C-9E10-F9FCD35B7561}.Release|Any CPU.Build.0 = Release|Any CPU
	EndGlobalSection
	GlobalSection(SolutionProperties) = preSolution
		HideSolutionNode = FALSE
	EndGlobalSection
	GlobalSection(ExtensibilityGlobals) = postSolution
		SolutionGuid = {F3FEBC22-27ED-47A3-9285-06EC49CC8BF6}
	EndGlobalSection
EndGlobal
